
Microsoft Visual Studio Solution File, Format Version 12.00
# Visual Studio Express 2013 for Windows Desktop
VisualStudioVersion = 12.0.31101.0
MinimumVisualStudioVersion = 10.0.40219.1
Project("{FAE04EC0-301F-11D3-BF4B-00C04F79EFBC}") = "JARVIS", "JARVIS\JARVIS.csproj", "{34A2411F-7C0C-4EB8-A93C-884F07E77A53}"
EndProject
Project("{FAE04EC0-301F-11D3-BF4B-00C04F79EFBC}") = "Face tracking (Camshift)", "..\Accord Vision Face Tracking\Face tracking (Camshift).csproj", "{03CCCD6C-CA56-4CAE-A0A5-1C9660D9424B}"
EndProject
Project("{FAE04EC0-301F-11D3-BF4B-00C04F79EFBC}") = "WAWrapper", "..\WAWrapper\WAWrapper.csproj", "{ADC1C97A-6EDF-481D-9680-28D4A89747C2}"
EndProject
Global
	GlobalSection(SolutionConfigurationPlatforms) = preSolution
		Debug|Any CPU = Debug|Any CPU
		Debug|Mixed Platforms = Debug|Mixed Platforms
		Debug|x86 = Debug|x86
		Release|Any CPU = Release|Any CPU
		Release|Mixed Platforms = Release|Mixed Platforms
		Release|x86 = Release|x86
	EndGlobalSection
	GlobalSection(ProjectConfigurationPlatforms) = postSolution
		{34A2411F-7C0C-4EB8-A93C-884F07E77A53}.Debug|Any CPU.ActiveCfg = Debug|Any CPU
		{34A2411F-7C0C-4EB8-A93C-884F07E77A53}.Debug|Any CPU.Build.0 = Debug|Any CPU
		{34A2411F-7C0C-4EB8-A93C-884F07E77A53}.Debug|Mixed Platforms.ActiveCfg = Debug|Any CPU
		{34A2411F-7C0C-4EB8-A93C-884F07E77A53}.Debug|Mixed Platforms.Build.0 = Debug|Any CPU
		{34A2411F-7C0C-4EB8-A93C-884F07E77A53}.Debug|x86.ActiveCfg = Debug|Any CPU
		{34A2411F-7C0C-4EB8-A93C-884F07E77A53}.Release|Any CPU.ActiveCfg = Release|Any CPU
		{34A2411F-7C0C-4EB8-A93C-884F07E77A53}.Release|Any CPU.Build.0 = Release|Any CPU
		{34A2411F-7C0C-4EB8-A93C-884F07E77A53}.Release|Mixed Platforms.ActiveCfg = Release|Any CPU
		{34A2411F-7C0C-4EB8-A93C-884F07E77A53}.Release|Mixed Platforms.Build.0 = Release|Any CPU
		{34A2411F-7C0C-4EB8-A93C-884F07E77A53}.Release|x86.ActiveCfg = Release|Any CPU
		{03CCCD6C-CA56-4CAE-A0A5-1C9660D9424B}.Debug|Any CPU.ActiveCfg = Debug|Any CPU
		{03CCCD6C-CA56-4CAE-A0A5-1C9660D9424B}.Debug|Any CPU.Build.0 = Debug|Any CPU
		{03CCCD6C-CA56-4CAE-A0A5-1C9660D9424B}.Debug|Mixed Platforms.ActiveCfg = Debug|x86
		{03CCCD6C-CA56-4CAE-A0A5-1C9660D9424B}.Debug|Mixed Platforms.Build.0 = Debug|x86
		{03CCCD6C-CA56-4CAE-A0A5-1C9660D9424B}.Debug|x86.ActiveCfg = Debug|x86
		{03CCCD6C-CA56-4CAE-A0A5-1C9660D9424B}.Debug|x86.Build.0 = Debug|x86
		{03CCCD6C-CA56-4CAE-A0A5-1C9660D9424B}.Release|Any CPU.ActiveCfg = Release|x86
		{03CCCD6C-CA56-4CAE-A0A5-1C9660D9424B}.Release|Mixed Platforms.ActiveCfg = Release|x86
		{03CCCD6C-CA56-4CAE-A0A5-1C9660D9424B}.Release|Mixed Platforms.Build.0 = Release|x86
		{03CCCD6C-CA56-4CAE-A0A5-1C9660D9424B}.Release|x86.ActiveCfg = Release|x86
		{03CCCD6C-CA56-4CAE-A0A5-1C9660D9424B}.Release|x86.Build.0 = Release|x86
		{ADC1C97A-6EDF-481D-9680-28D4A89747C2}.Debug|Any CPU.ActiveCfg = Debug|Any CPU
		{ADC1C97A-6EDF-481D-9680-28D4A89747C2}.Debug|Any CPU.Build.0 = Debug|Any CPU
		{ADC1C97A-6EDF-481D-9680-28D4A89747C2}.Debug|Mixed Platforms.ActiveCfg = Debug|Any CPU
		{ADC1C97A-6EDF-481D-9680-28D4A89747C2}.Debug|Mixed Platforms.Build.0 = Debug|Any CPU
		{ADC1C97A-6EDF-481D-9680-28D4A89747C2}.Debug|x86.ActiveCfg = Debug|Any CPU
		{ADC1C97A-6EDF-481D-9680-28D4A89747C2}.Release|Any CPU.ActiveCfg = Release|Any CPU
		{ADC1C97A-6EDF-481D-9680-28D4A89747C2}.Release|Any CPU.Build.0 = Release|Any CPU
		{ADC1C97A-6EDF-481D-9680-28D4A89747C2}.Release|Mixed Platforms.ActiveCfg = Release|Any CPU
		{ADC1C97A-6EDF-481D-9680-28D4A89747C2}.Release|Mixed Platforms.Build.0 = Release|Any CPU
		{ADC1C97A-6EDF-481D-9680-28D4A89747C2}.Release|x86.ActiveCfg = Release|Any CPU
	EndGlobalSection
	GlobalSection(SolutionProperties) = preSolution
		HideSolutionNode = FALSE
	EndGlobalSection
EndGlobal
